
Microsoft Visual Studio Solution File, Format Version 12.00
Project("{FAE04EC0-301F-11D3-BF4B-00C04F79EFBC}") = "Cleaner", "Cleaner\Cleaner.csproj", "{1399BF64-8A13-4B72-A27C-F0229DF6E3D4}"
EndProject
Project("{FAE04EC0-301F-11D3-BF4B-00C04F79EFBC}") = "DishWasher", "DishWasher\DishWasher.csproj", "{850F2FE7-CFF5-43BC-82D4-DB9FE047180B}"
EndProject
Global
	GlobalSection(SolutionConfigurationPlatforms) = preSolution
		Debug|Any CPU = Debug|Any CPU
		Release|Any CPU = Release|Any CPU
	EndGlobalSection
	GlobalSection(ProjectConfigurationPlatforms) = postSolution
		{1399BF64-8A13-4B72-A27C-F0229DF6E3D4}.Debug|Any CPU.ActiveCfg = Debug|Any CPU
		{1399BF64-8A13-4B72-A27C-F0229DF6E3D4}.Debug|Any CPU.Build.0 = Debug|Any CPU
		{1399BF64-8A13-4B72-A27C-F0229DF6E3D4}.Release|Any CPU.ActiveCfg = Release|Any CPU
		{1399BF64-8A13-4B72-A27C-F0229DF6E3D4}.Release|Any CPU.Build.0 = Release|Any CPU
		{850F2FE7-CFF5-43BC-82D4-DB9FE047180B}.Debug|Any CPU.ActiveCfg = Debug|Any CPU
		{850F2FE7-CFF5-43BC-82D4-DB9FE047180B}.Debug|Any CPU.Build.0 = Debug|Any CPU
		{850F2FE7-CFF5-43BC-82D4-DB9FE047180B}.Release|Any CPU.ActiveCfg = Release|Any CPU
		{850F2FE7-CFF5-43BC-82D4-DB9FE047180B}.Release|Any CPU.Build.0 = Release|Any CPU
	EndGlobalSection
EndGlobal
